
Microsoft Visual Studio Solution File, Format Version 12.00
# Visual Studio 15
VisualStudioVersion = 15.0.26124.0
MinimumVisualStudioVersion = 15.0.26124.0
Project("{2150E333-8FDC-42A3-9474-1A3956D46DE8}") = "src", "src", "{979C65E8-75D0-4142-9406-A029FD47ADDB}"
EndProject
Project("{FAE04EC0-301F-11D3-BF4B-00C04F79EFBC}") = "Notch.Core", "src\Notch.Core\Notch.Core.csproj", "{71B9D260-5CCF-47D5-9DF5-FD13E33AB037}"
EndProject
Project("{FAE04EC0-301F-11D3-BF4B-00C04F79EFBC}") = "Notch.Core.Tests", "src\Notch.Core.Tests\Notch.Core.Tests.csproj", "{6C12D5BF-C070-42BD-907B-2EE35EBC241E}"
EndProject
Global
	GlobalSection(SolutionConfigurationPlatforms) = preSolution
		Debug|Any CPU = Debug|Any CPU
		Debug|x64 = Debug|x64
		Debug|x86 = Debug|x86
		Release|Any CPU = Release|Any CPU
		Release|x64 = Release|x64
		Release|x86 = Release|x86
	EndGlobalSection
	GlobalSection(SolutionProperties) = preSolution
		HideSolutionNode = FALSE
	EndGlobalSection
	GlobalSection(ProjectConfigurationPlatforms) = postSolution
		{71B9D260-5CCF-47D5-9DF5-FD13E33AB037}.Debug|Any CPU.ActiveCfg = Debug|Any CPU
		{71B9D260-5CCF-47D5-9DF5-FD13E33AB037}.Debug|Any CPU.Build.0 = Debug|Any CPU
		{71B9D260-5CCF-47D5-9DF5-FD13E33AB037}.Debug|x64.ActiveCfg = Debug|Any CPU
		{71B9D260-5CCF-47D5-9DF5-FD13E33AB037}.Debug|x64.Build.0 = Debug|Any CPU
		{71B9D260-5CCF-47D5-9DF5-FD13E33AB037}.Debug|x86.ActiveCfg = Debug|Any CPU
		{71B9D260-5CCF-47D5-9DF5-FD13E33AB037}.Debug|x86.Build.0 = Debug|Any CPU
		{71B9D260-5CCF-47D5-9DF5-FD13E33AB037}.Release|Any CPU.ActiveCfg = Release|Any CPU
		{71B9D260-5CCF-47D5-9DF5-FD13E33AB037}.Release|Any CPU.Build.0 = Release|Any CPU
		{71B9D260-5CCF-47D5-9DF5-FD13E33AB037}.Release|x64.ActiveCfg = Release|Any CPU
		{71B9D260-5CCF-47D5-9DF5-FD13E33AB037}.Release|x64.Build.0 = Release|Any CPU
		{71B9D260-5CCF-47D5-9DF5-FD13E33AB037}.Release|x86.ActiveCfg = Release|Any CPU
		{71B9D260-5CCF-47D5-9DF5-FD13E33AB037}.Release|x86.Build.0 = Release|Any CPU
		{6C12D5BF-C070-42BD-907B-2EE35EBC241E}.Debug|Any CPU.ActiveCfg = Debug|Any CPU
		{6C12D5BF-C070-42BD-907B-2EE35EBC241E}.Debug|Any CPU.Build.0 = Debug|Any CPU
		{6C12D5BF-C070-42BD-907B-2EE35EBC241E}.Debug|x64.ActiveCfg = Debug|Any CPU
		{6C12D5BF-C070-42BD-907B-2EE35EBC241E}.Debug|x64.Build.0 = Debug|Any CPU
		{6C12D5BF-C070-42BD-907B-2EE35EBC241E}.Debug|x86.ActiveCfg = Debug|Any CPU
		{6C12D5BF-C070-42BD-907B-2EE35EBC241E}.Debug|x86.Build.0 = Debug|Any CPU
		{6C12D5BF-C070-42BD-907B-2EE35EBC241E}.Release|Any CPU.ActiveCfg = Release|Any CPU
		{6C12D5BF-C070-42BD-907B-2EE35EBC241E}.Release|Any CPU.Build.0 = Release|Any CPU
		{6C12D5BF-C070-42BD-907B-2EE35EBC241E}.Release|x64.ActiveCfg = Release|Any CPU
		{6C12D5BF-C070-42BD-907B-2EE35EBC241E}.Release|x64.Build.0 = Release|Any CPU
		{6C12D5BF-C070-42BD-907B-2EE35EBC241E}.Release|x86.ActiveCfg = Release|Any CPU
		{6C12D5BF-C070-42BD-907B-2EE35EBC241E}.Release|x86.Build.0 = Release|Any CPU
	EndGlobalSection
	GlobalSection(NestedProjects) = preSolution
		{71B9D260-5CCF-47D5-9DF5-FD13E33AB037} = {979C65E8-75D0-4142-9406-A029FD47ADDB}
		{6C12D5BF-C070-42BD-907B-2EE35EBC241E} = {979C65E8-75D0-4142-9406-A029FD47ADDB}
	EndGlobalSection
EndGlobal
